
Microsoft Visual Studio Solution File, Format Version 12.00
# Visual Studio Version 16
VisualStudioVersion = 16.0.29920.165
MinimumVisualStudioVersion = 10.0.40219.1
Project("{FAE04EC0-301F-11D3-BF4B-00C04F79EFBC}") = "AutoLotMVC_Core2", "AutoLotMVC_Core2.csproj", "{45DAB2F2-67BA-409A-82F4-95B42892F3FA}"
EndProject
Project("{9A19103F-16F7-4668-BE54-9A1E7A4F7556}") = "AutoLotDAL_Core2.Models", "..\AutoLotDAL_Core2.Models\AutoLotDAL_Core2.Models.csproj", "{53963990-6067-47B9-9CF6-E16167BE8F53}"
EndProject
Project("{9A19103F-16F7-4668-BE54-9A1E7A4F7556}") = "AutoLotDAL_Core2", "..\AutoLotDAL_Core2\AutoLotDAL_Core2.csproj", "{EF9E771A-82A4-4A90-BF60-31FA34EEC774}"
EndProject
Global
	GlobalSection(SolutionConfigurationPlatforms) = preSolution
		Debug|Any CPU = Debug|Any CPU
		Release|Any CPU = Release|Any CPU
	EndGlobalSection
	GlobalSection(ProjectConfigurationPlatforms) = postSolution
		{45DAB2F2-67BA-409A-82F4-95B42892F3FA}.Debug|Any CPU.ActiveCfg = Debug|Any CPU
		{45DAB2F2-67BA-409A-82F4-95B42892F3FA}.Debug|Any CPU.Build.0 = Debug|Any CPU
		{45DAB2F2-67BA-409A-82F4-95B42892F3FA}.Release|Any CPU.ActiveCfg = Release|Any CPU
		{45DAB2F2-67BA-409A-82F4-95B42892F3FA}.Release|Any CPU.Build.0 = Release|Any CPU
		{53963990-6067-47B9-9CF6-E16167BE8F53}.Debug|Any CPU.ActiveCfg = Debug|Any CPU
		{53963990-6067-47B9-9CF6-E16167BE8F53}.Debug|Any CPU.Build.0 = Debug|Any CPU
		{53963990-6067-47B9-9CF6-E16167BE8F53}.Release|Any CPU.ActiveCfg = Release|Any CPU
		{53963990-6067-47B9-9CF6-E16167BE8F53}.Release|Any CPU.Build.0 = Release|Any CPU
		{EF9E771A-82A4-4A90-BF60-31FA34EEC774}.Debug|Any CPU.ActiveCfg = Debug|Any CPU
		{EF9E771A-82A4-4A90-BF60-31FA34EEC774}.Debug|Any CPU.Build.0 = Debug|Any CPU
		{EF9E771A-82A4-4A90-BF60-31FA34EEC774}.Release|Any CPU.ActiveCfg = Release|Any CPU
		{EF9E771A-82A4-4A90-BF60-31FA34EEC774}.Release|Any CPU.Build.0 = Release|Any CPU
	EndGlobalSection
	GlobalSection(SolutionProperties) = preSolution
		HideSolutionNode = FALSE
	EndGlobalSection
	GlobalSection(ExtensibilityGlobals) = postSolution
		SolutionGuid = {0CAC5092-2E60-4C74-939F-25689E085467}
	EndGlobalSection
EndGlobal
